// !$*UTF8*$!
{
	archiveVersion = 1;
	classes = {
	};
	objectVersion = 50;
	objects = {

/* Begin PBXBuildFile section */
		B7BCEB44216CAA4F00B893A2 /* Assets.xcassets in Resources */ = {isa = PBXBuildFile; fileRef = B7BCEB43216CAA4F00B893A2 /* Assets.xcassets */; };
		B7BCEB47216CAA4F00B893A2 /* LaunchScreen.storyboard in Resources */ = {isa = PBXBuildFile; fileRef = B7BCEB45216CAA4F00B893A2 /* LaunchScreen.storyboard */; };
		B7BCEB92216CACCC00B893A2 /* AppDelegate.swift in Sources */ = {isa = PBXBuildFile; fileRef = B7BCEB91216CACCC00B893A2 /* AppDelegate.swift */; };
		B7BCEB94216CAD2000B893A2 /* UIColor.swift in Sources */ = {isa = PBXBuildFile; fileRef = B7BCEB93216CAD2000B893A2 /* UIColor.swift */; };
		B7BCEB96216CAD3000B893A2 /* UIView.swift in Sources */ = {isa = PBXBuildFile; fileRef = B7BCEB95216CAD3000B893A2 /* UIView.swift */; };
		B7BCEB98216CAD5800B893A2 /* TaskAddTableViewCell.swift in Sources */ = {isa = PBXBuildFile; fileRef = B7BCEB97216CAD5800B893A2 /* TaskAddTableViewCell.swift */; };
		B7BCEB9A216CAD6500B893A2 /* TaskIndexTableViewCell.swift in Sources */ = {isa = PBXBuildFile; fileRef = B7BCEB99216CAD6500B893A2 /* TaskIndexTableViewCell.swift */; };
		B7BCEB9C216CAD7200B893A2 /* SpaceTableViewCell.swift in Sources */ = {isa = PBXBuildFile; fileRef = B7BCEB9B216CAD7200B893A2 /* SpaceTableViewCell.swift */; };
		B7BCEB9E216CADA800B893A2 /* TaskViewController.swift in Sources */ = {isa = PBXBuildFile; fileRef = B7BCEB9D216CADA800B893A2 /* TaskViewController.swift */; };
		B7BCEBA0216CADC500B893A2 /* SettingViewController.swift in Sources */ = {isa = PBXBuildFile; fileRef = B7BCEB9F216CADC500B893A2 /* SettingViewController.swift */; };
		B7BCEBA2216CADD500B893A2 /* WallPaper1TableViewCell.swift in Sources */ = {isa = PBXBuildFile; fileRef = B7BCEBA1216CADD500B893A2 /* WallPaper1TableViewCell.swift */; };
		B7BCEBA7216CADDE00B893A2 /* WallPaper1View.swift in Sources */ = {isa = PBXBuildFile; fileRef = B7BCEBA3216CADDD00B893A2 /* WallPaper1View.swift */; };
		B7BCEBA8216CADDE00B893A2 /* WallPaperViewController.swift in Sources */ = {isa = PBXBuildFile; fileRef = B7BCEBA4216CADDD00B893A2 /* WallPaperViewController.swift */; };
		B7BCEBA9216CADDE00B893A2 /* WallPaper3View.swift in Sources */ = {isa = PBXBuildFile; fileRef = B7BCEBA5216CADDE00B893A2 /* WallPaper3View.swift */; };
		B7BCEBAA216CADDE00B893A2 /* WallPaper2View.swift in Sources */ = {isa = PBXBuildFile; fileRef = B7BCEBA6216CADDE00B893A2 /* WallPaper2View.swift */; };
		B7BCEBAC216CADE500B893A2 /* Todo.swift in Sources */ = {isa = PBXBuildFile; fileRef = B7BCEBAB216CADE500B893A2 /* Todo.swift */; };
		B7BCEBAE216CADFF00B893A2 /* Task.storyboard in Resources */ = {isa = PBXBuildFile; fileRef = B7BCEBAD216CADFF00B893A2 /* Task.storyboard */; };
		B7BCEBB0216CAE0400B893A2 /* Setting.storyboard in Resources */ = {isa = PBXBuildFile; fileRef = B7BCEBAF216CAE0400B893A2 /* Setting.storyboard */; };
		B7BCEBB2216CAE0800B893A2 /* WallPaper.storyboard in Resources */ = {isa = PBXBuildFile; fileRef = B7BCEBB1216CAE0800B893A2 /* WallPaper.storyboard */; };
		B7E836B621D761CE00FECAF0 /* RxSwift.framework in Frameworks */ = {isa = PBXBuildFile; fileRef = B7E836B121D761CE00FECAF0 /* RxSwift.framework */; };
		B7E836B721D761CE00FECAF0 /* SwiftyUserDefaults.framework in Frameworks */ = {isa = PBXBuildFile; fileRef = B7E836B221D761CE00FECAF0 /* SwiftyUserDefaults.framework */; };
		B7E836B821D761CE00FECAF0 /* Alamofire.framework in Frameworks */ = {isa = PBXBuildFile; fileRef = B7E836B321D761CE00FECAF0 /* Alamofire.framework */; };
		B7E836B921D761CE00FECAF0 /* RxCocoa.framework in Frameworks */ = {isa = PBXBuildFile; fileRef = B7E836B421D761CE00FECAF0 /* RxCocoa.framework */; };
		B7E836BA21D761CE00FECAF0 /* SnapKit.framework in Frameworks */ = {isa = PBXBuildFile; fileRef = B7E836B521D761CE00FECAF0 /* SnapKit.framework */; };
		B7E836C121D7651D00FECAF0 /* .env in Resources */ = {isa = PBXBuildFile; fileRef = B7E836C021D7651D00FECAF0 /* .env */; };
		B7E836C321D7654600FECAF0 /* .env.sample in Resources */ = {isa = PBXBuildFile; fileRef = B7E836C221D7654600FECAF0 /* .env.sample */; };
		B8D70CE66E7A552A77B89A31 /* Pods_WallPaperTask.framework in Frameworks */ = {isa = PBXBuildFile; fileRef = 8938233525E576B3F1DB0C32 /* Pods_WallPaperTask.framework */; };
/* End PBXBuildFile section */

/* Begin PBXFileReference section */
		40D691E3CB997CA9131DF415 /* Pods-WallPaperTask.release.xcconfig */ = {isa = PBXFileReference; includeInIndex = 1; lastKnownFileType = text.xcconfig; name = "Pods-WallPaperTask.release.xcconfig"; path = "Pods/Target Support Files/Pods-WallPaperTask/Pods-WallPaperTask.release.xcconfig"; sourceTree = "<group>"; };
		8938233525E576B3F1DB0C32 /* Pods_WallPaperTask.framework */ = {isa = PBXFileReference; explicitFileType = wrapper.framework; includeInIndex = 0; path = Pods_WallPaperTask.framework; sourceTree = BUILT_PRODUCTS_DIR; };
		90565DCC46200C2F96F3AAFB /* Pods-WallPaperTask.debug.xcconfig */ = {isa = PBXFileReference; includeInIndex = 1; lastKnownFileType = text.xcconfig; name = "Pods-WallPaperTask.debug.xcconfig"; path = "Pods/Target Support Files/Pods-WallPaperTask/Pods-WallPaperTask.debug.xcconfig"; sourceTree = "<group>"; };
		B7BCEB39216CAA4D00B893A2 /* WallPaperTask.app */ = {isa = PBXFileReference; explicitFileType = wrapper.application; includeInIndex = 0; path = WallPaperTask.app; sourceTree = BUILT_PRODUCTS_DIR; };
		B7BCEB43216CAA4F00B893A2 /* Assets.xcassets */ = {isa = PBXFileReference; lastKnownFileType = folder.assetcatalog; path = Assets.xcassets; sourceTree = "<group>"; };
		B7BCEB46216CAA4F00B893A2 /* Base */ = {isa = PBXFileReference; lastKnownFileType = file.storyboard; name = Base; path = Base.lproj/LaunchScreen.storyboard; sourceTree = "<group>"; };
		B7BCEB48216CAA4F00B893A2 /* Info.plist */ = {isa = PBXFileReference; lastKnownFileType = text.plist.xml; path = Info.plist; sourceTree = "<group>"; };
		B7BCEB90216CACCC00B893A2 /* WallPaperTask-Bridging-Header.h */ = {isa = PBXFileReference; lastKnownFileType = sourcecode.c.h; path = "WallPaperTask-Bridging-Header.h"; sourceTree = "<group>"; };
		B7BCEB91216CACCC00B893A2 /* AppDelegate.swift */ = {isa = PBXFileReference; lastKnownFileType = sourcecode.swift; path = AppDelegate.swift; sourceTree = "<group>"; };
		B7BCEB93216CAD2000B893A2 /* UIColor.swift */ = {isa = PBXFileReference; lastKnownFileType = sourcecode.swift; path = UIColor.swift; sourceTree = "<group>"; };
		B7BCEB95216CAD3000B893A2 /* UIView.swift */ = {isa = PBXFileReference; lastKnownFileType = sourcecode.swift; path = UIView.swift; sourceTree = "<group>"; };
		B7BCEB97216CAD5800B893A2 /* TaskAddTableViewCell.swift */ = {isa = PBXFileReference; lastKnownFileType = sourcecode.swift; path = TaskAddTableViewCell.swift; sourceTree = "<group>"; };
		B7BCEB99216CAD6500B893A2 /* TaskIndexTableViewCell.swift */ = {isa = PBXFileReference; lastKnownFileType = sourcecode.swift; path = TaskIndexTableViewCell.swift; sourceTree = "<group>"; };
		B7BCEB9B216CAD7200B893A2 /* SpaceTableViewCell.swift */ = {isa = PBXFileReference; lastKnownFileType = sourcecode.swift; path = SpaceTableViewCell.swift; sourceTree = "<group>"; };
		B7BCEB9D216CADA800B893A2 /* TaskViewController.swift */ = {isa = PBXFileReference; lastKnownFileType = sourcecode.swift; path = TaskViewController.swift; sourceTree = "<group>"; };
		B7BCEB9F216CADC500B893A2 /* SettingViewController.swift */ = {isa = PBXFileReference; fileEncoding = 4; lastKnownFileType = sourcecode.swift; path = SettingViewController.swift; sourceTree = "<group>"; };
		B7BCEBA1216CADD500B893A2 /* WallPaper1TableViewCell.swift */ = {isa = PBXFileReference; fileEncoding = 4; lastKnownFileType = sourcecode.swift; path = WallPaper1TableViewCell.swift; sourceTree = "<group>"; };
		B7BCEBA3216CADDD00B893A2 /* WallPaper1View.swift */ = {isa = PBXFileReference; fileEncoding = 4; lastKnownFileType = sourcecode.swift; path = WallPaper1View.swift; sourceTree = "<group>"; };
		B7BCEBA4216CADDD00B893A2 /* WallPaperViewController.swift */ = {isa = PBXFileReference; fileEncoding = 4; lastKnownFileType = sourcecode.swift; path = WallPaperViewController.swift; sourceTree = "<group>"; };
		B7BCEBA5216CADDE00B893A2 /* WallPaper3View.swift */ = {isa = PBXFileReference; fileEncoding = 4; lastKnownFileType = sourcecode.swift; path = WallPaper3View.swift; sourceTree = "<group>"; };
		B7BCEBA6216CADDE00B893A2 /* WallPaper2View.swift */ = {isa = PBXFileReference; fileEncoding = 4; lastKnownFileType = sourcecode.swift; path = WallPaper2View.swift; sourceTree = "<group>"; };
		B7BCEBAB216CADE500B893A2 /* Todo.swift */ = {isa = PBXFileReference; fileEncoding = 4; lastKnownFileType = sourcecode.swift; path = Todo.swift; sourceTree = "<group>"; };
		B7BCEBAD216CADFF00B893A2 /* Task.storyboard */ = {isa = PBXFileReference; fileEncoding = 4; lastKnownFileType = file.storyboard; path = Task.storyboard; sourceTree = "<group>"; };
		B7BCEBAF216CAE0400B893A2 /* Setting.storyboard */ = {isa = PBXFileReference; fileEncoding = 4; lastKnownFileType = file.storyboard; path = Setting.storyboard; sourceTree = "<group>"; };
		B7BCEBB1216CAE0800B893A2 /* WallPaper.storyboard */ = {isa = PBXFileReference; fileEncoding = 4; lastKnownFileType = file.storyboard; path = WallPaper.storyboard; sourceTree = "<group>"; };
		B7E836B121D761CE00FECAF0 /* RxSwift.framework */ = {isa = PBXFileReference; lastKnownFileType = wrapper.framework; name = RxSwift.framework; path = Carthage/Build/iOS/RxSwift.framework; sourceTree = "<group>"; };
		B7E836B221D761CE00FECAF0 /* SwiftyUserDefaults.framework */ = {isa = PBXFileReference; lastKnownFileType = wrapper.framework; name = SwiftyUserDefaults.framework; path = Carthage/Build/iOS/SwiftyUserDefaults.framework; sourceTree = "<group>"; };
		B7E836B321D761CE00FECAF0 /* Alamofire.framework */ = {isa = PBXFileReference; lastKnownFileType = wrapper.framework; name = Alamofire.framework; path = Carthage/Build/iOS/Alamofire.framework; sourceTree = "<group>"; };
		B7E836B421D761CE00FECAF0 /* RxCocoa.framework */ = {isa = PBXFileReference; lastKnownFileType = wrapper.framework; name = RxCocoa.framework; path = Carthage/Build/iOS/RxCocoa.framework; sourceTree = "<group>"; };
		B7E836B521D761CE00FECAF0 /* SnapKit.framework */ = {isa = PBXFileReference; lastKnownFileType = wrapper.framework; name = SnapKit.framework; path = Carthage/Build/iOS/SnapKit.framework; sourceTree = "<group>"; };
		B7E836C021D7651D00FECAF0 /* .env */ = {isa = PBXFileReference; lastKnownFileType = text; path = .env; sourceTree = "<group>"; };
		B7E836C221D7654600FECAF0 /* .env.sample */ = {isa = PBXFileReference; lastKnownFileType = text; path = .env.sample; sourceTree = "<group>"; };
/* End PBXFileReference section */

/* Begin PBXFrameworksBuildPhase section */
		B7BCEB36216CAA4D00B893A2 /* Frameworks */ = {
			isa = PBXFrameworksBuildPhase;
			buildActionMask = 2147483647;
			files = (
				B7E836B621D761CE00FECAF0 /* RxSwift.framework in Frameworks */,
				B7E836B721D761CE00FECAF0 /* SwiftyUserDefaults.framework in Frameworks */,
				B7E836B821D761CE00FECAF0 /* Alamofire.framework in Frameworks */,
				B7E836B921D761CE00FECAF0 /* RxCocoa.framework in Frameworks */,
				B7E836BA21D761CE00FECAF0 /* SnapKit.framework in Frameworks */,
				B8D70CE66E7A552A77B89A31 /* Pods_WallPaperTask.framework in Frameworks */,
			);
			runOnlyForDeploymentPostprocessing = 0;
		};
/* End PBXFrameworksBuildPhase section */

/* Begin PBXGroup section */
		7B20A4471A86D502233976CA /* Pods */ = {
			isa = PBXGroup;
			children = (
				90565DCC46200C2F96F3AAFB /* Pods-WallPaperTask.debug.xcconfig */,
				40D691E3CB997CA9131DF415 /* Pods-WallPaperTask.release.xcconfig */,
			);
			name = Pods;
			sourceTree = "<group>";
		};
		817D2CC91B5D8703C4F42F8F /* Frameworks */ = {
			isa = PBXGroup;
			children = (
				B7E836B321D761CE00FECAF0 /* Alamofire.framework */,
				B7E836B421D761CE00FECAF0 /* RxCocoa.framework */,
				B7E836B121D761CE00FECAF0 /* RxSwift.framework */,
				B7E836B521D761CE00FECAF0 /* SnapKit.framework */,
				B7E836B221D761CE00FECAF0 /* SwiftyUserDefaults.framework */,
				8938233525E576B3F1DB0C32 /* Pods_WallPaperTask.framework */,
			);
			name = Frameworks;
			sourceTree = "<group>";
		};
		B7BCEB30216CAA4D00B893A2 = {
			isa = PBXGroup;
			children = (
				B7BCEB3B216CAA4D00B893A2 /* WallPaperTask */,
				B7BCEB3A216CAA4D00B893A2 /* Products */,
				7B20A4471A86D502233976CA /* Pods */,
				817D2CC91B5D8703C4F42F8F /* Frameworks */,
			);
			sourceTree = "<group>";
		};
		B7BCEB3A216CAA4D00B893A2 /* Products */ = {
			isa = PBXGroup;
			children = (
				B7BCEB39216CAA4D00B893A2 /* WallPaperTask.app */,
			);
			name = Products;
			sourceTree = "<group>";
		};
		B7BCEB3B216CAA4D00B893A2 /* WallPaperTask */ = {
			isa = PBXGroup;
			children = (
				B7BCEB86216CAC3D00B893A2 /* StoryBoard */,
				B7BCEB85216CAC3500B893A2 /* Model */,
				B7BCEB84216CAB4300B893A2 /* View */,
				B7BCEB43216CAA4F00B893A2 /* Assets.xcassets */,
				B7BCEB45216CAA4F00B893A2 /* LaunchScreen.storyboard */,
				B7BCEB48216CAA4F00B893A2 /* Info.plist */,
				B7E836C021D7651D00FECAF0 /* .env */,
				B7E836C221D7654600FECAF0 /* .env.sample */,
			);
			path = WallPaperTask;
			sourceTree = "<group>";
		};
		B7BCEB84216CAB4300B893A2 /* View */ = {
			isa = PBXGroup;
			children = (
				B7BCEB8B216CAC6400B893A2 /* WallPaper */,
				B7BCEB8A216CAC5C00B893A2 /* Setting */,
				B7BCEB88216CAC4F00B893A2 /* Task */,
				B7BCEB87216CAC4500B893A2 /* Extension */,
				B7BCEB91216CACCC00B893A2 /* AppDelegate.swift */,
				B7BCEB90216CACCC00B893A2 /* WallPaperTask-Bridging-Header.h */,
			);
			name = View;
			sourceTree = "<group>";
		};
		B7BCEB85216CAC3500B893A2 /* Model */ = {
			isa = PBXGroup;
			children = (
				B7BCEBAB216CADE500B893A2 /* Todo.swift */,
			);
			path = Model;
			sourceTree = "<group>";
		};
		B7BCEB86216CAC3D00B893A2 /* StoryBoard */ = {
			isa = PBXGroup;
			children = (
				B7BCEB8F216CAC7F00B893A2 /* WallPaper */,
				B7BCEB8E216CAC7900B893A2 /* Setting */,
				B7BCEB8D216CAC7300B893A2 /* Task */,
			);
			name = StoryBoard;
			sourceTree = "<group>";
		};
		B7BCEB87216CAC4500B893A2 /* Extension */ = {
			isa = PBXGroup;
			children = (
				B7BCEB93216CAD2000B893A2 /* UIColor.swift */,
				B7BCEB95216CAD3000B893A2 /* UIView.swift */,
			);
			path = Extension;
			sourceTree = "<group>";
		};
		B7BCEB88216CAC4F00B893A2 /* Task */ = {
			isa = PBXGroup;
			children = (
				B7BCEB9D216CADA800B893A2 /* TaskViewController.swift */,
				B7BCEB89216CAC5500B893A2 /* Cell */,
			);
			name = Task;
			sourceTree = "<group>";
		};
		B7BCEB89216CAC5500B893A2 /* Cell */ = {
			isa = PBXGroup;
			children = (
				B7BCEB97216CAD5800B893A2 /* TaskAddTableViewCell.swift */,
				B7BCEB99216CAD6500B893A2 /* TaskIndexTableViewCell.swift */,
				B7BCEB9B216CAD7200B893A2 /* SpaceTableViewCell.swift */,
			);
			path = Cell;
			sourceTree = "<group>";
		};
		B7BCEB8A216CAC5C00B893A2 /* Setting */ = {
			isa = PBXGroup;
			children = (
				B7BCEB9F216CADC500B893A2 /* SettingViewController.swift */,
			);
			name = Setting;
			sourceTree = "<group>";
		};
		B7BCEB8B216CAC6400B893A2 /* WallPaper */ = {
			isa = PBXGroup;
			children = (
				B7BCEBA4216CADDD00B893A2 /* WallPaperViewController.swift */,
				B7BCEBA3216CADDD00B893A2 /* WallPaper1View.swift */,
				B7BCEBA6216CADDE00B893A2 /* WallPaper2View.swift */,
				B7BCEBA5216CADDE00B893A2 /* WallPaper3View.swift */,
				B7BCEB8C216CAC6900B893A2 /* Cell */,
			);
			path = WallPaper;
			sourceTree = "<group>";
		};
		B7BCEB8C216CAC6900B893A2 /* Cell */ = {
			isa = PBXGroup;
			children = (
				B7BCEBA1216CADD500B893A2 /* WallPaper1TableViewCell.swift */,
			);
			name = Cell;
			sourceTree = "<group>";
		};
		B7BCEB8D216CAC7300B893A2 /* Task */ = {
			isa = PBXGroup;
			children = (
				B7BCEBAD216CADFF00B893A2 /* Task.storyboard */,
			);
			path = Task;
			sourceTree = "<group>";
		};
		B7BCEB8E216CAC7900B893A2 /* Setting */ = {
			isa = PBXGroup;
			children = (
				B7BCEBAF216CAE0400B893A2 /* Setting.storyboard */,
			);
			name = Setting;
			sourceTree = "<group>";
		};
		B7BCEB8F216CAC7F00B893A2 /* WallPaper */ = {
			isa = PBXGroup;
			children = (
				B7BCEBB1216CAE0800B893A2 /* WallPaper.storyboard */,
			);
			name = WallPaper;
			sourceTree = "<group>";
		};
/* End PBXGroup section */

/* Begin PBXNativeTarget section */
		B7BCEB38216CAA4D00B893A2 /* WallPaperTask */ = {
			isa = PBXNativeTarget;
			buildConfigurationList = B7BCEB4B216CAA4F00B893A2 /* Build configuration list for PBXNativeTarget "WallPaperTask" */;
			buildPhases = (
				BBED5903E2B3A98D358668D3 /* [CP] Check Pods Manifest.lock */,
				B7BCEB35216CAA4D00B893A2 /* Sources */,
				B7BCEB36216CAA4D00B893A2 /* Frameworks */,
				B7BCEB37216CAA4D00B893A2 /* Resources */,
				D0499A8D674644C86E4F0C58 /* [CP] Embed Pods Frameworks */,
				B7E836BB21D761D300FECAF0 /* ShellScript */,
			);
			buildRules = (
			);
			dependencies = (
			);
			name = WallPaperTask;
			productName = WallPaperTask;
			productReference = B7BCEB39216CAA4D00B893A2 /* WallPaperTask.app */;
			productType = "com.apple.product-type.application";
		};
/* End PBXNativeTarget section */

/* Begin PBXProject section */
		B7BCEB31216CAA4D00B893A2 /* Project object */ = {
			isa = PBXProject;
			attributes = {
				LastSwiftUpdateCheck = 1000;
				LastUpgradeCheck = 1000;
				ORGANIZATIONNAME = "築山朋紀";
				TargetAttributes = {
					B7BCEB38216CAA4D00B893A2 = {
						CreatedOnToolsVersion = 10.0;
						LastSwiftMigration = 1000;
					};
				};
			};
			buildConfigurationList = B7BCEB34216CAA4D00B893A2 /* Build configuration list for PBXProject "WallPaperTask" */;
			compatibilityVersion = "Xcode 9.3";
			developmentRegion = en;
			hasScannedForEncodings = 0;
			knownRegions = (
				en,
				Base,
			);
			mainGroup = B7BCEB30216CAA4D00B893A2;
			productRefGroup = B7BCEB3A216CAA4D00B893A2 /* Products */;
			projectDirPath = "";
			projectRoot = "";
			targets = (
				B7BCEB38216CAA4D00B893A2 /* WallPaperTask */,
			);
		};
/* End PBXProject section */

/* Begin PBXResourcesBuildPhase section */
		B7BCEB37216CAA4D00B893A2 /* Resources */ = {
			isa = PBXResourcesBuildPhase;
			buildActionMask = 2147483647;
			files = (
				B7E836C321D7654600FECAF0 /* .env.sample in Resources */,
				B7BCEB47216CAA4F00B893A2 /* LaunchScreen.storyboard in Resources */,
				B7BCEBB2216CAE0800B893A2 /* WallPaper.storyboard in Resources */,
				B7BCEBAE216CADFF00B893A2 /* Task.storyboard in Resources */,
				B7E836C121D7651D00FECAF0 /* .env in Resources */,
				B7BCEB44216CAA4F00B893A2 /* Assets.xcassets in Resources */,
				B7BCEBB0216CAE0400B893A2 /* Setting.storyboard in Resources */,
			);
			runOnlyForDeploymentPostprocessing = 0;
		};
/* End PBXResourcesBuildPhase section */

/* Begin PBXShellScriptBuildPhase section */
		B7E836BB21D761D300FECAF0 /* ShellScript */ = {
			isa = PBXShellScriptBuildPhase;
			buildActionMask = 2147483647;
			files = (
			);
			inputFileListPaths = (
			);
			inputPaths = (
				"$(SRCROOT)/Carthage/Build/iOS/Alamofire.framework",
				"$(SRCROOT)/Carthage/Build/iOS/SnapKit.framework",
				"$(SRCROOT)/Carthage/Build/iOS/RxSwift.framework",
				"$(SRCROOT)/Carthage/Build/iOS/RxCocoa.framework",
				"$(SRCROOT)/Carthage/Build/iOS/SwiftyUserDefaults.framework",
			);
			outputFileListPaths = (
			);
			outputPaths = (
			);
			runOnlyForDeploymentPostprocessing = 0;
			shellPath = /bin/sh;
			shellScript = "/usr/local/bin/carthage copy-frameworks\n";
		};
		BBED5903E2B3A98D358668D3 /* [CP] Check Pods Manifest.lock */ = {
			isa = PBXShellScriptBuildPhase;
			buildActionMask = 2147483647;
			files = (
			);
			inputFileListPaths = (
			);
			inputPaths = (
				"${PODS_PODFILE_DIR_PATH}/Podfile.lock",
				"${PODS_ROOT}/Manifest.lock",
			);
			name = "[CP] Check Pods Manifest.lock";
			outputFileListPaths = (
			);
			outputPaths = (
				"$(DERIVED_FILE_DIR)/Pods-WallPaperTask-checkManifestLockResult.txt",
			);
			runOnlyForDeploymentPostprocessing = 0;
			shellPath = /bin/sh;
			shellScript = "diff \"${PODS_PODFILE_DIR_PATH}/Podfile.lock\" \"${PODS_ROOT}/Manifest.lock\" > /dev/null\nif [ $? != 0 ] ; then\n    # print error to STDERR\n    echo \"error: The sandbox is not in sync with the Podfile.lock. Run 'pod install' or update your CocoaPods installation.\" >&2\n    exit 1\nfi\n# This output is used by Xcode 'outputs' to avoid re-running this script phase.\necho \"SUCCESS\" > \"${SCRIPT_OUTPUT_FILE_0}\"\n";
			showEnvVarsInLog = 0;
		};
		D0499A8D674644C86E4F0C58 /* [CP] Embed Pods Frameworks */ = {
			isa = PBXShellScriptBuildPhase;
			buildActionMask = 2147483647;
			files = (
			);
			inputFileListPaths = (
			);
			inputPaths = (
				"${SRCROOT}/Pods/Target Support Files/Pods-WallPaperTask/Pods-WallPaperTask-frameworks.sh",
				"${BUILT_PRODUCTS_DIR}/Realm/Realm.framework",
				"${BUILT_PRODUCTS_DIR}/RealmSwift/RealmSwift.framework",
			);
			name = "[CP] Embed Pods Frameworks";
			outputFileListPaths = (
			);
			outputPaths = (
				"${TARGET_BUILD_DIR}/${FRAMEWORKS_FOLDER_PATH}/Realm.framework",
				"${TARGET_BUILD_DIR}/${FRAMEWORKS_FOLDER_PATH}/RealmSwift.framework",
			);
			runOnlyForDeploymentPostprocessing = 0;
			shellPath = /bin/sh;
			shellScript = "\"${SRCROOT}/Pods/Target Support Files/Pods-WallPaperTask/Pods-WallPaperTask-frameworks.sh\"\n";
			showEnvVarsInLog = 0;
		};
/* End PBXShellScriptBuildPhase section */

/* Begin PBXSourcesBuildPhase section */
		B7BCEB35216CAA4D00B893A2 /* Sources */ = {
			isa = PBXSourcesBuildPhase;
			buildActionMask = 2147483647;
			files = (
				B7BCEB98216CAD5800B893A2 /* TaskAddTableViewCell.swift in Sources */,
				B7BCEB9E216CADA800B893A2 /* TaskViewController.swift in Sources */,
				B7BCEB9A216CAD6500B893A2 /* TaskIndexTableViewCell.swift in Sources */,
				B7BCEBA0216CADC500B893A2 /* SettingViewController.swift in Sources */,
				B7BCEB92216CACCC00B893A2 /* AppDelegate.swift in Sources */,
				B7BCEBA9216CADDE00B893A2 /* WallPaper3View.swift in Sources */,
				B7BCEB96216CAD3000B893A2 /* UIView.swift in Sources */,
				B7BCEBAC216CADE500B893A2 /* Todo.swift in Sources */,
				B7BCEBA2216CADD500B893A2 /* WallPaper1TableViewCell.swift in Sources */,
				B7BCEBA7216CADDE00B893A2 /* WallPaper1View.swift in Sources */,
				B7BCEB9C216CAD7200B893A2 /* SpaceTableViewCell.swift in Sources */,
				B7BCEBA8216CADDE00B893A2 /* WallPaperViewController.swift in Sources */,
				B7BCEBAA216CADDE00B893A2 /* WallPaper2View.swift in Sources */,
				B7BCEB94216CAD2000B893A2 /* UIColor.swift in Sources */,
			);
			runOnlyForDeploymentPostprocessing = 0;
		};
/* End PBXSourcesBuildPhase section */

/* Begin PBXVariantGroup section */
		B7BCEB45216CAA4F00B893A2 /* LaunchScreen.storyboard */ = {
			isa = PBXVariantGroup;
			children = (
				B7BCEB46216CAA4F00B893A2 /* Base */,
			);
			name = LaunchScreen.storyboard;
			sourceTree = "<group>";
		};
/* End PBXVariantGroup section */

/* Begin XCBuildConfiguration section */
		B7BCEB49216CAA4F00B893A2 /* Debug */ = {
			isa = XCBuildConfiguration;
			buildSettings = {
				ALWAYS_SEARCH_USER_PATHS = NO;
				CLANG_ANALYZER_NONNULL = YES;
				CLANG_ANALYZER_NUMBER_OBJECT_CONVERSION = YES_AGGRESSIVE;
				CLANG_CXX_LANGUAGE_STANDARD = "gnu++14";
				CLANG_CXX_LIBRARY = "libc++";
				CLANG_ENABLE_MODULES = YES;
				CLANG_ENABLE_OBJC_ARC = YES;
				CLANG_ENABLE_OBJC_WEAK = YES;
				CLANG_WARN_BLOCK_CAPTURE_AUTORELEASING = YES;
				CLANG_WARN_BOOL_CONVERSION = YES;
				CLANG_WARN_COMMA = YES;
				CLANG_WARN_CONSTANT_CONVERSION = YES;
				CLANG_WARN_DEPRECATED_OBJC_IMPLEMENTATIONS = YES;
				CLANG_WARN_DIRECT_OBJC_ISA_USAGE = YES_ERROR;
				CLANG_WARN_DOCUMENTATION_COMMENTS = YES;
				CLANG_WARN_EMPTY_BODY = YES;
				CLANG_WARN_ENUM_CONVERSION = YES;
				CLANG_WARN_INFINITE_RECURSION = YES;
				CLANG_WARN_INT_CONVERSION = YES;
				CLANG_WARN_NON_LITERAL_NULL_CONVERSION = YES;
				CLANG_WARN_OBJC_IMPLICIT_RETAIN_SELF = YES;
				CLANG_WARN_OBJC_LITERAL_CONVERSION = YES;
				CLANG_WARN_OBJC_ROOT_CLASS = YES_ERROR;
				CLANG_WARN_RANGE_LOOP_ANALYSIS = YES;
				CLANG_WARN_STRICT_PROTOTYPES = YES;
				CLANG_WARN_SUSPICIOUS_MOVE = YES;
				CLANG_WARN_UNGUARDED_AVAILABILITY = YES_AGGRESSIVE;
				CLANG_WARN_UNREACHABLE_CODE = YES;
				CLANG_WARN__DUPLICATE_METHOD_MATCH = YES;
				CODE_SIGN_IDENTITY = "iPhone Developer";
				COPY_PHASE_STRIP = NO;
				DEBUG_INFORMATION_FORMAT = dwarf;
				ENABLE_STRICT_OBJC_MSGSEND = YES;
				ENABLE_TESTABILITY = YES;
				GCC_C_LANGUAGE_STANDARD = gnu11;
				GCC_DYNAMIC_NO_PIC = NO;
				GCC_NO_COMMON_BLOCKS = YES;
				GCC_OPTIMIZATION_LEVEL = 0;
				GCC_PREPROCESSOR_DEFINITIONS = (
					"DEBUG=1",
					"$(inherited)",
				);
				GCC_WARN_64_TO_32_BIT_CONVERSION = YES;
				GCC_WARN_ABOUT_RETURN_TYPE = YES_ERROR;
				GCC_WARN_UNDECLARED_SELECTOR = YES;
				GCC_WARN_UNINITIALIZED_AUTOS = YES_AGGRESSIVE;
				GCC_WARN_UNUSED_FUNCTION = YES;
				GCC_WARN_UNUSED_VARIABLE = YES;
				IPHONEOS_DEPLOYMENT_TARGET = 12.0;
				MTL_ENABLE_DEBUG_INFO = INCLUDE_SOURCE;
				MTL_FAST_MATH = YES;
				ONLY_ACTIVE_ARCH = YES;
				SDKROOT = iphoneos;
				SWIFT_ACTIVE_COMPILATION_CONDITIONS = DEBUG;
				SWIFT_OPTIMIZATION_LEVEL = "-Onone";
			};
			name = Debug;
		};
		B7BCEB4A216CAA4F00B893A2 /* Release */ = {
			isa = XCBuildConfiguration;
			buildSettings = {
				ALWAYS_SEARCH_USER_PATHS = NO;
				CLANG_ANALYZER_NONNULL = YES;
				CLANG_ANALYZER_NUMBER_OBJECT_CONVERSION = YES_AGGRESSIVE;
				CLANG_CXX_LANGUAGE_STANDARD = "gnu++14";
				CLANG_CXX_LIBRARY = "libc++";
				CLANG_ENABLE_MODULES = YES;
				CLANG_ENABLE_OBJC_ARC = YES;
				CLANG_ENABLE_OBJC_WEAK = YES;
				CLANG_WARN_BLOCK_CAPTURE_AUTORELEASING = YES;
				CLANG_WARN_BOOL_CONVERSION = YES;
				CLANG_WARN_COMMA = YES;
				CLANG_WARN_CONSTANT_CONVERSION = YES;
				CLANG_WARN_DEPRECATED_OBJC_IMPLEMENTATIONS = YES;
				CLANG_WARN_DIRECT_OBJC_ISA_USAGE = YES_ERROR;
				CLANG_WARN_DOCUMENTATION_COMMENTS = YES;
				CLANG_WARN_EMPTY_BODY = YES;
				CLANG_WARN_ENUM_CONVERSION = YES;
				CLANG_WARN_INFINITE_RECURSION = YES;
				CLANG_WARN_INT_CONVERSION = YES;
				CLANG_WARN_NON_LITERAL_NULL_CONVERSION = YES;
				CLANG_WARN_OBJC_IMPLICIT_RETAIN_SELF = YES;
				CLANG_WARN_OBJC_LITERAL_CONVERSION = YES;
				CLANG_WARN_OBJC_ROOT_CLASS = YES_ERROR;
				CLANG_WARN_RANGE_LOOP_ANALYSIS = YES;
				CLANG_WARN_STRICT_PROTOTYPES = YES;
				CLANG_WARN_SUSPICIOUS_MOVE = YES;
				CLANG_WARN_UNGUARDED_AVAILABILITY = YES_AGGRESSIVE;
				CLANG_WARN_UNREACHABLE_CODE = YES;
				CLANG_WARN__DUPLICATE_METHOD_MATCH = YES;
				CODE_SIGN_IDENTITY = "iPhone Developer";
				COPY_PHASE_STRIP = NO;
				DEBUG_INFORMATION_FORMAT = "dwarf-with-dsym";
				ENABLE_NS_ASSERTIONS = NO;
				ENABLE_STRICT_OBJC_MSGSEND = YES;
				GCC_C_LANGUAGE_STANDARD = gnu11;
				GCC_NO_COMMON_BLOCKS = YES;
				GCC_WARN_64_TO_32_BIT_CONVERSION = YES;
				GCC_WARN_ABOUT_RETURN_TYPE = YES_ERROR;
				GCC_WARN_UNDECLARED_SELECTOR = YES;
				GCC_WARN_UNINITIALIZED_AUTOS = YES_AGGRESSIVE;
				GCC_WARN_UNUSED_FUNCTION = YES;
				GCC_WARN_UNUSED_VARIABLE = YES;
				IPHONEOS_DEPLOYMENT_TARGET = 12.0;
				MTL_ENABLE_DEBUG_INFO = NO;
				MTL_FAST_MATH = YES;
				SDKROOT = iphoneos;
				SWIFT_COMPILATION_MODE = wholemodule;
				SWIFT_OPTIMIZATION_LEVEL = "-O";
				VALIDATE_PRODUCT = YES;
			};
			name = Release;
		};
		B7BCEB4C216CAA4F00B893A2 /* Debug */ = {
			isa = XCBuildConfiguration;
			baseConfigurationReference = 90565DCC46200C2F96F3AAFB /* Pods-WallPaperTask.debug.xcconfig */;
			buildSettings = {
				ASSETCATALOG_COMPILER_APPICON_NAME = AppIcon;
				CLANG_ENABLE_MODULES = YES;
				CODE_SIGN_STYLE = Automatic;
				DEVELOPMENT_TEAM = FJMPLD4D4X;
				FRAMEWORK_SEARCH_PATHS = (
					"$(inherited)",
					"$(PROJECT_DIR)/Carthage/Build/iOS",
				);
				INFOPLIST_FILE = WallPaperTask/Info.plist;
				IPHONEOS_DEPLOYMENT_TARGET = 10.3;
				LD_RUNPATH_SEARCH_PATHS = (
					"$(inherited)",
					"@executable_path/Frameworks",
				);
				PRODUCT_BUNDLE_IDENTIFIER = com.tomoki.WallPaperTask;
				PRODUCT_NAME = "$(TARGET_NAME)";
				SWIFT_OBJC_BRIDGING_HEADER = "WallPaperTask/WallPaperTask-Bridging-Header.h";
				SWIFT_OPTIMIZATION_LEVEL = "-Onone";
				SWIFT_VERSION = 4.2;
				TARGETED_DEVICE_FAMILY = "1,2";
			};
			name = Debug;
		};
		B7BCEB4D216CAA4F00B893A2 /* Release */ = {
			isa = XCBuildConfiguration;
			baseConfigurationReference = 40D691E3CB997CA9131DF415 /* Pods-WallPaperTask.release.xcconfig */;
			buildSettings = {
				ASSETCATALOG_COMPILER_APPICON_NAME = AppIcon;
				CLANG_ENABLE_MODULES = YES;
				CODE_SIGN_STYLE = Automatic;
				DEVELOPMENT_TEAM = FJMPLD4D4X;
				FRAMEWORK_SEARCH_PATHS = (
					"$(inherited)",
					"$(PROJECT_DIR)/Carthage/Build/iOS",
				);
				INFOPLIST_FILE = WallPaperTask/Info.plist;
				IPHONEOS_DEPLOYMENT_TARGET = 10.3;
				LD_RUNPATH_SEARCH_PATHS = (
					"$(inherited)",
					"@executable_path/Frameworks",
				);
				PRODUCT_BUNDLE_IDENTIFIER = com.tomoki.WallPaperTask;
				PRODUCT_NAME = "$(TARGET_NAME)";
				SWIFT_OBJC_BRIDGING_HEADER = "WallPaperTask/WallPaperTask-Bridging-Header.h";
				SWIFT_VERSION = 4.2;
				TARGETED_DEVICE_FAMILY = "1,2";
			};
			name = Release;
		};
/* End XCBuildConfiguration section */

/* Begin XCConfigurationList section */
		B7BCEB34216CAA4D00B893A2 /* Build configuration list for PBXProject "WallPaperTask" */ = {
			isa = XCConfigurationList;
			buildConfigurations = (
				B7BCEB49216CAA4F00B893A2 /* Debug */,
				B7BCEB4A216CAA4F00B893A2 /* Release */,
			);
			defaultConfigurationIsVisible = 0;
			defaultConfigurationName = Release;
		};
		B7BCEB4B216CAA4F00B893A2 /* Build configuration list for PBXNativeTarget "WallPaperTask" */ = {
			isa = XCConfigurationList;
			buildConfigurations = (
				B7BCEB4C216CAA4F00B893A2 /* Debug */,
				B7BCEB4D216CAA4F00B893A2 /* Release */,
			);
			defaultConfigurationIsVisible = 0;
			defaultConfigurationName = Release;
		};
/* End XCConfigurationList section */
	};
	rootObject = B7BCEB31216CAA4D00B893A2 /* Project object */;
}
